
Microsoft Visual Studio Solution File, Format Version 12.00
# Blend for Visual Studio Version 16
VisualStudioVersion = 16.0.28711.60
MinimumVisualStudioVersion = 10.0.40219.1
Project("{FAE04EC0-301F-11D3-BF4B-00C04F79EFBC}") = "WpfControlLibrary1", "WpfControlLibrary1\WpfControlLibrary1.csproj", "{448CD751-D9FF-491F-B019-3E531C7476EE}"
EndProject
Global
	GlobalSection(SolutionConfigurationPlatforms) = preSolution
		Debug|Any CPU = Debug|Any CPU
		Release|Any CPU = Release|Any CPU
	EndGlobalSection
	GlobalSection(ProjectConfigurationPlatforms) = postSolution
		{448CD751-D9FF-491F-B019-3E531C7476EE}.Debug|Any CPU.ActiveCfg = Debug|Any CPU
		{448CD751-D9FF-491F-B019-3E531C7476EE}.Debug|Any CPU.Build.0 = Debug|Any CPU
		{448CD751-D9FF-491F-B019-3E531C7476EE}.Release|Any CPU.ActiveCfg = Release|Any CPU
		{448CD751-D9FF-491F-B019-3E531C7476EE}.Release|Any CPU.Build.0 = Release|Any CPU
	EndGlobalSection
	GlobalSection(SolutionProperties) = preSolution
		HideSolutionNode = FALSE
	EndGlobalSection
	GlobalSection(ExtensibilityGlobals) = postSolution
		SolutionGuid = {2D2D66C4-DBC2-4546-85C8-833FAE6535A0}
	EndGlobalSection
EndGlobal
