
Microsoft Visual Studio Solution File, Format Version 12.00
# Visual Studio Version 16
VisualStudioVersion = 16.0.28902.138
MinimumVisualStudioVersion = 10.0.40219.1
Project("{FAE04EC0-301F-11D3-BF4B-00C04F79EFBC}") = "Control1", "Control1\Control1.csproj", "{2978A89F-7703-4B88-8510-E52C6D7764CC}"
EndProject
Global
	GlobalSection(SolutionConfigurationPlatforms) = preSolution
		Debug|Any CPU = Debug|Any CPU
		Release|Any CPU = Release|Any CPU
	EndGlobalSection
	GlobalSection(ProjectConfigurationPlatforms) = postSolution
		{2978A89F-7703-4B88-8510-E52C6D7764CC}.Debug|Any CPU.ActiveCfg = Debug|Any CPU
		{2978A89F-7703-4B88-8510-E52C6D7764CC}.Debug|Any CPU.Build.0 = Debug|Any CPU
		{2978A89F-7703-4B88-8510-E52C6D7764CC}.Release|Any CPU.ActiveCfg = Release|Any CPU
		{2978A89F-7703-4B88-8510-E52C6D7764CC}.Release|Any CPU.Build.0 = Release|Any CPU
	EndGlobalSection
	GlobalSection(SolutionProperties) = preSolution
		HideSolutionNode = FALSE
	EndGlobalSection
	GlobalSection(ExtensibilityGlobals) = postSolution
		SolutionGuid = {AE9BF8F8-CFDE-4334-98BE-91CE4E74FA43}
	EndGlobalSection
EndGlobal
